
Microsoft Visual Studio Solution File, Format Version 12.00
# Visual Studio 2013
VisualStudioVersion = 12.0.31101.0
MinimumVisualStudioVersion = 10.0.40219.1
Project("{FAE04EC0-301F-11D3-BF4B-00C04F79EFBC}") = "WebApplication1", "WebApplication1\WebApplication1.csproj", "{44254AA2-92BE-43EC-98CA-04F2F2B03CA4}"
EndProject
Project("{FAE04EC0-301F-11D3-BF4B-00C04F79EFBC}") = "WebApplication1.Tests", "WebApplication1.Tests\WebApplication1.Tests.csproj", "{686A6521-3778-43B8-9747-A84584A84645}"
EndProject
Global
	GlobalSection(SolutionConfigurationPlatforms) = preSolution
		Debug|Any CPU = Debug|Any CPU
		Release|Any CPU = Release|Any CPU
	EndGlobalSection
	GlobalSection(ProjectConfigurationPlatforms) = postSolution
		{44254AA2-92BE-43EC-98CA-04F2F2B03CA4}.Debug|Any CPU.ActiveCfg = Debug|Any CPU
		{44254AA2-92BE-43EC-98CA-04F2F2B03CA4}.Debug|Any CPU.Build.0 = Debug|Any CPU
		{44254AA2-92BE-43EC-98CA-04F2F2B03CA4}.Release|Any CPU.ActiveCfg = Release|Any CPU
		{44254AA2-92BE-43EC-98CA-04F2F2B03CA4}.Release|Any CPU.Build.0 = Release|Any CPU
		{686A6521-3778-43B8-9747-A84584A84645}.Debug|Any CPU.ActiveCfg = Debug|Any CPU
		{686A6521-3778-43B8-9747-A84584A84645}.Debug|Any CPU.Build.0 = Debug|Any CPU
		{686A6521-3778-43B8-9747-A84584A84645}.Release|Any CPU.ActiveCfg = Release|Any CPU
		{686A6521-3778-43B8-9747-A84584A84645}.Release|Any CPU.Build.0 = Release|Any CPU
	EndGlobalSection
	GlobalSection(SolutionProperties) = preSolution
		HideSolutionNode = FALSE
	EndGlobalSection
EndGlobal
